
Microsoft Visual Studio Solution File, Format Version 12.00
# Visual Studio Version 17
VisualStudioVersion = 17.9.34616.47
MinimumVisualStudioVersion = 10.0.40219.1
Project("{FAE04EC0-301F-11D3-BF4B-00C04F79EFBC}") = "Ex2_LoopsAndStringManipulation", "Ex2_LoopsAndStringManipulation\Ex2_LoopsAndStringManipulation.csproj", "{7BAA7946-F09B-4DE7-B941-948F19536E55}"
EndProject
Global
	GlobalSection(SolutionConfigurationPlatforms) = preSolution
		Debug|Any CPU = Debug|Any CPU
		Release|Any CPU = Release|Any CPU
	EndGlobalSection
	GlobalSection(ProjectConfigurationPlatforms) = postSolution
		{7BAA7946-F09B-4DE7-B941-948F19536E55}.Debug|Any CPU.ActiveCfg = Debug|Any CPU
		{7BAA7946-F09B-4DE7-B941-948F19536E55}.Debug|Any CPU.Build.0 = Debug|Any CPU
		{7BAA7946-F09B-4DE7-B941-948F19536E55}.Release|Any CPU.ActiveCfg = Release|Any CPU
		{7BAA7946-F09B-4DE7-B941-948F19536E55}.Release|Any CPU.Build.0 = Release|Any CPU
	EndGlobalSection
	GlobalSection(SolutionProperties) = preSolution
		HideSolutionNode = FALSE
	EndGlobalSection
	GlobalSection(ExtensibilityGlobals) = postSolution
		SolutionGuid = {B34E143E-78CF-4817-BE1B-53CD1AA07FBF}
	EndGlobalSection
EndGlobal
